
Microsoft Visual Studio Solution File, Format Version 12.00
# Visual Studio Version 17
VisualStudioVersion = 17.8.34316.72
MinimumVisualStudioVersion = 10.0.40219.1
Project("{FAE04EC0-301F-11D3-BF4B-00C04F79EFBC}") = "Task1(temperature measurement)", "Task1(temperature measurement)\Task1(temperature measurement).csproj", "{251CBC0B-17F8-4FD0-8E82-B445EB06BC25}"
EndProject
Project("{FAE04EC0-301F-11D3-BF4B-00C04F79EFBC}") = "Task2(Suggesting activities according to age)", "Task2(Suggesting activities according to age)\Task2(Suggesting activities according to age).csproj", "{0A7A41EC-D4D7-4F5F-9EDD-03BDB9A19300}"
EndProject
Project("{FAE04EC0-301F-11D3-BF4B-00C04F79EFBC}") = "Task3(Calculator)", "Task3(Calculator)\Task3(Calculator).csproj", "{270E3349-438D-4149-964D-9428A10CF69F}"
EndProject
Global
	GlobalSection(SolutionConfigurationPlatforms) = preSolution
		Debug|Any CPU = Debug|Any CPU
		Release|Any CPU = Release|Any CPU
	EndGlobalSection
	GlobalSection(ProjectConfigurationPlatforms) = postSolution
		{251CBC0B-17F8-4FD0-8E82-B445EB06BC25}.Debug|Any CPU.ActiveCfg = Debug|Any CPU
		{251CBC0B-17F8-4FD0-8E82-B445EB06BC25}.Debug|Any CPU.Build.0 = Debug|Any CPU
		{251CBC0B-17F8-4FD0-8E82-B445EB06BC25}.Release|Any CPU.ActiveCfg = Release|Any CPU
		{251CBC0B-17F8-4FD0-8E82-B445EB06BC25}.Release|Any CPU.Build.0 = Release|Any CPU
		{0A7A41EC-D4D7-4F5F-9EDD-03BDB9A19300}.Debug|Any CPU.ActiveCfg = Debug|Any CPU
		{0A7A41EC-D4D7-4F5F-9EDD-03BDB9A19300}.Debug|Any CPU.Build.0 = Debug|Any CPU
		{0A7A41EC-D4D7-4F5F-9EDD-03BDB9A19300}.Release|Any CPU.ActiveCfg = Release|Any CPU
		{0A7A41EC-D4D7-4F5F-9EDD-03BDB9A19300}.Release|Any CPU.Build.0 = Release|Any CPU
		{270E3349-438D-4149-964D-9428A10CF69F}.Debug|Any CPU.ActiveCfg = Debug|Any CPU
		{270E3349-438D-4149-964D-9428A10CF69F}.Debug|Any CPU.Build.0 = Debug|Any CPU
		{270E3349-438D-4149-964D-9428A10CF69F}.Release|Any CPU.ActiveCfg = Release|Any CPU
		{270E3349-438D-4149-964D-9428A10CF69F}.Release|Any CPU.Build.0 = Release|Any CPU
	EndGlobalSection
	GlobalSection(SolutionProperties) = preSolution
		HideSolutionNode = FALSE
	EndGlobalSection
	GlobalSection(ExtensibilityGlobals) = postSolution
		SolutionGuid = {BA2A24B5-2BBA-4A6B-898B-8C98B2286082}
	EndGlobalSection
EndGlobal
